{
  "requires": true,
  "lockfileVersion": 1,
  "dependencies": {
    "webdav.client": {
      "version": "5.15.5409",
      "resolved": "https://registry.npmjs.org/webdav.client/-/webdav.client-5.15.5409.tgz",
      "integrity": "sha512-IYQl9P8ThtNVPGa0QzvH0aVW6ILNnAFeAnXwYAgdF+HBG9Xd81E135tKM2BLacl0MTU9lOH6p1xYazUIS0qw8g=="
    }
  }
}
